
Microsoft Visual Studio Solution File, Format Version 12.00
# Visual Studio Version 17
VisualStudioVersion = 17.7.33711.374
MinimumVisualStudioVersion = 10.0.40219.1
Project("{FAE04EC0-301F-11D3-BF4B-00C04F79EFBC}") = "CI_con_NetFramework_4_8", "CI_con_NetFramework_4_8\CI_con_NetFramework_4_8.csproj", "{29229208-977E-46FA-B85B-297D15E75728}"
EndProject
Project("{FAE04EC0-301F-11D3-BF4B-00C04F79EFBC}") = "WebAPI", "WebAPI\WebAPI.csproj", "{8FAA3D92-317A-4DD5-B37C-1D59EE3C95AF}"
EndProject
Global
	GlobalSection(SolutionConfigurationPlatforms) = preSolution
		Debug|Any CPU = Debug|Any CPU
		Release|Any CPU = Release|Any CPU
	EndGlobalSection
	GlobalSection(ProjectConfigurationPlatforms) = postSolution
		{29229208-977E-46FA-B85B-297D15E75728}.Debug|Any CPU.ActiveCfg = Debug|Any CPU
		{29229208-977E-46FA-B85B-297D15E75728}.Debug|Any CPU.Build.0 = Debug|Any CPU
		{29229208-977E-46FA-B85B-297D15E75728}.Release|Any CPU.ActiveCfg = Release|Any CPU
		{29229208-977E-46FA-B85B-297D15E75728}.Release|Any CPU.Build.0 = Release|Any CPU
		{8FAA3D92-317A-4DD5-B37C-1D59EE3C95AF}.Debug|Any CPU.ActiveCfg = Debug|Any CPU
		{8FAA3D92-317A-4DD5-B37C-1D59EE3C95AF}.Debug|Any CPU.Build.0 = Debug|Any CPU
		{8FAA3D92-317A-4DD5-B37C-1D59EE3C95AF}.Release|Any CPU.ActiveCfg = Release|Any CPU
		{8FAA3D92-317A-4DD5-B37C-1D59EE3C95AF}.Release|Any CPU.Build.0 = Release|Any CPU
	EndGlobalSection
	GlobalSection(SolutionProperties) = preSolution
		HideSolutionNode = FALSE
	EndGlobalSection
	GlobalSection(ExtensibilityGlobals) = postSolution
		SolutionGuid = {3C34A7E3-8C91-4941-BB25-8641FB395C43}
	EndGlobalSection
EndGlobal
